
Microsoft Visual Studio Solution File, Format Version 12.00
# Visual Studio Version 17
VisualStudioVersion = 17.0.31903.59
MinimumVisualStudioVersion = 10.0.40219.1
Project("{2150E333-8FDC-42A3-9474-1A3956D46DE8}") = "src", "src", "{5F1A7290-F083-427B-A589-4A3C10AFF06A}"
EndProject
Project("{2150E333-8FDC-42A3-9474-1A3956D46DE8}") = "Shared", "Shared", "{F5514E90-CB23-48AB-B9FE-754B5CBEEF00}"
EndProject
Project("{2150E333-8FDC-42A3-9474-1A3956D46DE8}") = "Microservices", "Microservices", "{A3CB45B0-075F-4A4F-8D4C-FEA49F4A8FD3}"
EndProject
Project("{2150E333-8FDC-42A3-9474-1A3956D46DE8}") = "Account", "Account", "{07684573-D955-463B-82E2-1604C8587E38}"
EndProject
Project("{2150E333-8FDC-42A3-9474-1A3956D46DE8}") = "Apartment", "Apartment", "{71D44993-221F-4E37-B576-8FAF29006137}"
EndProject
Project("{2150E333-8FDC-42A3-9474-1A3956D46DE8}") = "Notification", "Notification", "{E5D62520-6430-412B-B314-13941D793BE2}"
EndProject
Project("{9A19103F-16F7-4668-BE54-9A1E7A4F7556}") = "Account.Domain", "src\Microservices\Account\Account.Domain\Account.Domain.csproj", "{53ED9776-2174-4E37-A38A-00B1E40B8201}"
EndProject
Project("{9A19103F-16F7-4668-BE54-9A1E7A4F7556}") = "Account.Infrastructure", "src\Microservices\Account\Account.Infrastructure\Account.Infrastructure.csproj", "{252E9FBD-8601-4E5F-B199-673159AAD772}"
EndProject
Project("{9A19103F-16F7-4668-BE54-9A1E7A4F7556}") = "Account.Application", "src\Microservices\Account\Account.Application\Account.Application.csproj", "{5ED8DF6A-45F6-472D-AEA8-A64CA0DCC528}"
EndProject
Project("{9A19103F-16F7-4668-BE54-9A1E7A4F7556}") = "Account.WebApi", "src\Microservices\Account\Account.WebApi\Account.WebApi.csproj", "{A298C837-43D4-4199-A461-AC0B8C2D66DF}"
EndProject
Project("{9A19103F-16F7-4668-BE54-9A1E7A4F7556}") = "Shared.Core", "src\Shared\Shared.Core\Shared.Core.csproj", "{7444BB8F-56D0-45C5-87D2-241516D6CC22}"
EndProject
Project("{9A19103F-16F7-4668-BE54-9A1E7A4F7556}") = "Shared.Authentication", "src\Shared\Shared.Authentication\Shared.Authentication.csproj", "{4862E596-A2C6-4263-8B3C-0262A37CAEC5}"
EndProject
Project("{9A19103F-16F7-4668-BE54-9A1E7A4F7556}") = "Shared.Logging", "src\Shared\Shared.Logging\Shared.Logging.csproj", "{94933997-E5DE-43B4-8F72-9C88CA8C779B}"
EndProject
Project("{9A19103F-16F7-4668-BE54-9A1E7A4F7556}") = "Shared.Caching", "src\Shared\Shared.Caching\Shared.Caching.csproj", "{F6A717A7-296E-47A7-AE76-63066577910F}"
EndProject
Project("{9A19103F-16F7-4668-BE54-9A1E7A4F7556}") = "Shared.ExceptionHandling", "src\Shared\Shared.ExceptionHandling\Shared.ExceptionHandling.csproj", "{D4D98319-32A0-4B00-B0F0-0856788D4ED3}"
EndProject
Project("{9A19103F-16F7-4668-BE54-9A1E7A4F7556}") = "Shared.MessagePublishing", "src\Shared\Shared.MessagePublishing\Shared.MessagePublishing.csproj", "{C0601E80-6506-411A-B59B-A3D19515076D}"
EndProject
Project("{9A19103F-16F7-4668-BE54-9A1E7A4F7556}") = "Account.Background", "src\Microservices\Account\Account.Background\Account.Background.csproj", "{8F815533-5782-450D-9605-BCA78A2F3461}"
EndProject
Project("{9A19103F-16F7-4668-BE54-9A1E7A4F7556}") = "Apartment.Domain", "src\Microservices\Apartment\Apartment.Domain\Apartment.Domain.csproj", "{A57F908A-AC7D-4706-9472-A2E62B997AF0}"
EndProject
Project("{9A19103F-16F7-4668-BE54-9A1E7A4F7556}") = "Apartment.Infrastructure", "src\Microservices\Apartment\Apartment.Infrastructure\Apartment.Infrastructure.csproj", "{2CE0EAC5-9395-4187-A5F4-D005532E613E}"
EndProject
Project("{9A19103F-16F7-4668-BE54-9A1E7A4F7556}") = "Apartment.Application", "src\Microservices\Apartment\Apartment.Application\Apartment.Application.csproj", "{B9E68C6E-FCA9-452D-B865-3707E3C07ED4}"
EndProject
Project("{9A19103F-16F7-4668-BE54-9A1E7A4F7556}") = "Apartment.WebApi", "src\Microservices\Apartment\Apartment.WebApi\Apartment.WebApi.csproj", "{75081F03-D63B-4CAE-A406-2B572EFCD61B}"
EndProject
Project("{9A19103F-16F7-4668-BE54-9A1E7A4F7556}") = "Notification.Domain", "src\Microservices\Notification\Notification.Domain\Notification.Domain.csproj", "{F1C2F022-5130-4B64-B928-C1875158495F}"
EndProject
Project("{9A19103F-16F7-4668-BE54-9A1E7A4F7556}") = "Notification.Infrastructure", "src\Microservices\Notification\Notification.Infrastructure\Notification.Infrastructure.csproj", "{B6849E3B-79D0-4B20-9F3B-AA1C68CB160F}"
EndProject
Project("{9A19103F-16F7-4668-BE54-9A1E7A4F7556}") = "Notification.Application", "src\Microservices\Notification\Notification.Application\Notification.Application.csproj", "{126827C3-E602-4863-83F6-EA1433A84B5F}"
EndProject
Project("{9A19103F-16F7-4668-BE54-9A1E7A4F7556}") = "Notification.WebSocket", "src\Microservices\Notification\Notification.WebSocket\Notification.WebSocket.csproj", "{C89EA824-E7A2-4D43-BF6B-17690ABF23B4}"
EndProject
Project("{2150E333-8FDC-42A3-9474-1A3956D46DE8}") = "Gateway", "Gateway", "{E2E60031-3C0D-4879-B116-33FB601DF15F}"
EndProject
Project("{9A19103F-16F7-4668-BE54-9A1E7A4F7556}") = "Gateway.Ocelot", "src\Gateway\Gateway.Ocelot\Gateway.Ocelot.csproj", "{8F2061D3-F904-4313-8801-7562FBF69A7B}"
EndProject
Project("{2150E333-8FDC-42A3-9474-1A3956D46DE8}") = "Financial", "Financial", "{9CA9380E-B724-446A-A361-DE58E90775F8}"
EndProject
Project("{FAE04EC0-301F-11D3-BF4B-00C04F79EFBC}") = "Financial.Domain", "src\Microservices\Financial\Financial.Domain\Financial.Domain.csproj", "{C2D52E71-0139-4207-9955-8D1B262A099B}"
EndProject
Project("{FAE04EC0-301F-11D3-BF4B-00C04F79EFBC}") = "Financial.Application", "src\Microservices\Financial\Financial.Application\Financial.Application.csproj", "{CF140F0F-EED9-40BF-B518-6F468CF68E55}"
EndProject
Project("{FAE04EC0-301F-11D3-BF4B-00C04F79EFBC}") = "Financial.Infrastructure", "src\Microservices\Financial\Financial.Infrastructure\Financial.Infrastructure.csproj", "{5DF364B3-3861-4B37-9206-5FEFC0DF5394}"
EndProject
Project("{FAE04EC0-301F-11D3-BF4B-00C04F79EFBC}") = "Financial.WebApi", "src\Microservices\Financial\Financial.WebApi\Financial.WebApi.csproj", "{2FA8A435-A900-428C-B8AE-11D2FA19435C}"
EndProject
Project("{2150E333-8FDC-42A3-9474-1A3956D46DE8}") = "Meeting", "Meeting", "{0B1E8EAC-D0A8-408C-BC9E-53346C9CE7FC}"
EndProject
Project("{FAE04EC0-301F-11D3-BF4B-00C04F79EFBC}") = "Meeting.Application", "src\Microservices\Meeting\Meeting.Application\Meeting.Application.csproj", "{95F771D3-25FC-4030-83D4-496594B4BD08}"
EndProject
Project("{FAE04EC0-301F-11D3-BF4B-00C04F79EFBC}") = "Meeting.Domain", "src\Microservices\Meeting\Meeting.Domain\Meeting.Domain.csproj", "{4B628CDF-1B7B-417A-8C0C-23613C1C4D73}"
EndProject
Project("{FAE04EC0-301F-11D3-BF4B-00C04F79EFBC}") = "Meeting.Infrastructure", "src\Microservices\Meeting\Meeting.Infrastructure\Meeting.Infrastructure.csproj", "{78CD0DBA-B694-4B45-8FD1-7CB03B694E7A}"
EndProject
Project("{FAE04EC0-301F-11D3-BF4B-00C04F79EFBC}") = "Meeting.WebSocket", "src\Microservices\Meeting\Meeting.WebSocket\Meeting.WebSocket.csproj", "{2146FECA-5C34-44EA-A3D0-B9C10B4E4815}"
EndProject
Global
	GlobalSection(SolutionConfigurationPlatforms) = preSolution
		Debug|Any CPU = Debug|Any CPU
		Release|Any CPU = Release|Any CPU
	EndGlobalSection
	GlobalSection(ProjectConfigurationPlatforms) = postSolution
		{53ED9776-2174-4E37-A38A-00B1E40B8201}.Debug|Any CPU.ActiveCfg = Debug|Any CPU
		{53ED9776-2174-4E37-A38A-00B1E40B8201}.Debug|Any CPU.Build.0 = Debug|Any CPU
		{53ED9776-2174-4E37-A38A-00B1E40B8201}.Release|Any CPU.ActiveCfg = Release|Any CPU
		{53ED9776-2174-4E37-A38A-00B1E40B8201}.Release|Any CPU.Build.0 = Release|Any CPU
		{252E9FBD-8601-4E5F-B199-673159AAD772}.Debug|Any CPU.ActiveCfg = Debug|Any CPU
		{252E9FBD-8601-4E5F-B199-673159AAD772}.Debug|Any CPU.Build.0 = Debug|Any CPU
		{252E9FBD-8601-4E5F-B199-673159AAD772}.Release|Any CPU.ActiveCfg = Release|Any CPU
		{252E9FBD-8601-4E5F-B199-673159AAD772}.Release|Any CPU.Build.0 = Release|Any CPU
		{5ED8DF6A-45F6-472D-AEA8-A64CA0DCC528}.Debug|Any CPU.ActiveCfg = Debug|Any CPU
		{5ED8DF6A-45F6-472D-AEA8-A64CA0DCC528}.Debug|Any CPU.Build.0 = Debug|Any CPU
		{5ED8DF6A-45F6-472D-AEA8-A64CA0DCC528}.Release|Any CPU.ActiveCfg = Release|Any CPU
		{5ED8DF6A-45F6-472D-AEA8-A64CA0DCC528}.Release|Any CPU.Build.0 = Release|Any CPU
		{A298C837-43D4-4199-A461-AC0B8C2D66DF}.Debug|Any CPU.ActiveCfg = Debug|Any CPU
		{A298C837-43D4-4199-A461-AC0B8C2D66DF}.Debug|Any CPU.Build.0 = Debug|Any CPU
		{A298C837-43D4-4199-A461-AC0B8C2D66DF}.Release|Any CPU.ActiveCfg = Release|Any CPU
		{A298C837-43D4-4199-A461-AC0B8C2D66DF}.Release|Any CPU.Build.0 = Release|Any CPU
		{7444BB8F-56D0-45C5-87D2-241516D6CC22}.Debug|Any CPU.ActiveCfg = Debug|Any CPU
		{7444BB8F-56D0-45C5-87D2-241516D6CC22}.Debug|Any CPU.Build.0 = Debug|Any CPU
		{7444BB8F-56D0-45C5-87D2-241516D6CC22}.Release|Any CPU.ActiveCfg = Release|Any CPU
		{7444BB8F-56D0-45C5-87D2-241516D6CC22}.Release|Any CPU.Build.0 = Release|Any CPU
		{4862E596-A2C6-4263-8B3C-0262A37CAEC5}.Debug|Any CPU.ActiveCfg = Debug|Any CPU
		{4862E596-A2C6-4263-8B3C-0262A37CAEC5}.Debug|Any CPU.Build.0 = Debug|Any CPU
		{4862E596-A2C6-4263-8B3C-0262A37CAEC5}.Release|Any CPU.ActiveCfg = Release|Any CPU
		{4862E596-A2C6-4263-8B3C-0262A37CAEC5}.Release|Any CPU.Build.0 = Release|Any CPU
		{94933997-E5DE-43B4-8F72-9C88CA8C779B}.Debug|Any CPU.ActiveCfg = Debug|Any CPU
		{94933997-E5DE-43B4-8F72-9C88CA8C779B}.Debug|Any CPU.Build.0 = Debug|Any CPU
		{94933997-E5DE-43B4-8F72-9C88CA8C779B}.Release|Any CPU.ActiveCfg = Release|Any CPU
		{94933997-E5DE-43B4-8F72-9C88CA8C779B}.Release|Any CPU.Build.0 = Release|Any CPU
		{F6A717A7-296E-47A7-AE76-63066577910F}.Debug|Any CPU.ActiveCfg = Debug|Any CPU
		{F6A717A7-296E-47A7-AE76-63066577910F}.Debug|Any CPU.Build.0 = Debug|Any CPU
		{F6A717A7-296E-47A7-AE76-63066577910F}.Release|Any CPU.ActiveCfg = Release|Any CPU
		{F6A717A7-296E-47A7-AE76-63066577910F}.Release|Any CPU.Build.0 = Release|Any CPU
		{D4D98319-32A0-4B00-B0F0-0856788D4ED3}.Debug|Any CPU.ActiveCfg = Debug|Any CPU
		{D4D98319-32A0-4B00-B0F0-0856788D4ED3}.Debug|Any CPU.Build.0 = Debug|Any CPU
		{D4D98319-32A0-4B00-B0F0-0856788D4ED3}.Release|Any CPU.ActiveCfg = Release|Any CPU
		{D4D98319-32A0-4B00-B0F0-0856788D4ED3}.Release|Any CPU.Build.0 = Release|Any CPU
		{C0601E80-6506-411A-B59B-A3D19515076D}.Debug|Any CPU.ActiveCfg = Debug|Any CPU
		{C0601E80-6506-411A-B59B-A3D19515076D}.Debug|Any CPU.Build.0 = Debug|Any CPU
		{C0601E80-6506-411A-B59B-A3D19515076D}.Release|Any CPU.ActiveCfg = Release|Any CPU
		{C0601E80-6506-411A-B59B-A3D19515076D}.Release|Any CPU.Build.0 = Release|Any CPU
		{8F815533-5782-450D-9605-BCA78A2F3461}.Debug|Any CPU.ActiveCfg = Debug|Any CPU
		{8F815533-5782-450D-9605-BCA78A2F3461}.Debug|Any CPU.Build.0 = Debug|Any CPU
		{8F815533-5782-450D-9605-BCA78A2F3461}.Release|Any CPU.ActiveCfg = Release|Any CPU
		{8F815533-5782-450D-9605-BCA78A2F3461}.Release|Any CPU.Build.0 = Release|Any CPU
		{A57F908A-AC7D-4706-9472-A2E62B997AF0}.Debug|Any CPU.ActiveCfg = Debug|Any CPU
		{A57F908A-AC7D-4706-9472-A2E62B997AF0}.Debug|Any CPU.Build.0 = Debug|Any CPU
		{A57F908A-AC7D-4706-9472-A2E62B997AF0}.Release|Any CPU.ActiveCfg = Release|Any CPU
		{A57F908A-AC7D-4706-9472-A2E62B997AF0}.Release|Any CPU.Build.0 = Release|Any CPU
		{2CE0EAC5-9395-4187-A5F4-D005532E613E}.Debug|Any CPU.ActiveCfg = Debug|Any CPU
		{2CE0EAC5-9395-4187-A5F4-D005532E613E}.Debug|Any CPU.Build.0 = Debug|Any CPU
		{2CE0EAC5-9395-4187-A5F4-D005532E613E}.Release|Any CPU.ActiveCfg = Release|Any CPU
		{2CE0EAC5-9395-4187-A5F4-D005532E613E}.Release|Any CPU.Build.0 = Release|Any CPU
		{B9E68C6E-FCA9-452D-B865-3707E3C07ED4}.Debug|Any CPU.ActiveCfg = Debug|Any CPU
		{B9E68C6E-FCA9-452D-B865-3707E3C07ED4}.Debug|Any CPU.Build.0 = Debug|Any CPU
		{B9E68C6E-FCA9-452D-B865-3707E3C07ED4}.Release|Any CPU.ActiveCfg = Release|Any CPU
		{B9E68C6E-FCA9-452D-B865-3707E3C07ED4}.Release|Any CPU.Build.0 = Release|Any CPU
		{75081F03-D63B-4CAE-A406-2B572EFCD61B}.Debug|Any CPU.ActiveCfg = Debug|Any CPU
		{75081F03-D63B-4CAE-A406-2B572EFCD61B}.Debug|Any CPU.Build.0 = Debug|Any CPU
		{75081F03-D63B-4CAE-A406-2B572EFCD61B}.Release|Any CPU.ActiveCfg = Release|Any CPU
		{75081F03-D63B-4CAE-A406-2B572EFCD61B}.Release|Any CPU.Build.0 = Release|Any CPU
		{F1C2F022-5130-4B64-B928-C1875158495F}.Debug|Any CPU.ActiveCfg = Debug|Any CPU
		{F1C2F022-5130-4B64-B928-C1875158495F}.Debug|Any CPU.Build.0 = Debug|Any CPU
		{F1C2F022-5130-4B64-B928-C1875158495F}.Release|Any CPU.ActiveCfg = Release|Any CPU
		{F1C2F022-5130-4B64-B928-C1875158495F}.Release|Any CPU.Build.0 = Release|Any CPU
		{B6849E3B-79D0-4B20-9F3B-AA1C68CB160F}.Debug|Any CPU.ActiveCfg = Debug|Any CPU
		{B6849E3B-79D0-4B20-9F3B-AA1C68CB160F}.Debug|Any CPU.Build.0 = Debug|Any CPU
		{B6849E3B-79D0-4B20-9F3B-AA1C68CB160F}.Release|Any CPU.ActiveCfg = Release|Any CPU
		{B6849E3B-79D0-4B20-9F3B-AA1C68CB160F}.Release|Any CPU.Build.0 = Release|Any CPU
		{126827C3-E602-4863-83F6-EA1433A84B5F}.Debug|Any CPU.ActiveCfg = Debug|Any CPU
		{126827C3-E602-4863-83F6-EA1433A84B5F}.Debug|Any CPU.Build.0 = Debug|Any CPU
		{126827C3-E602-4863-83F6-EA1433A84B5F}.Release|Any CPU.ActiveCfg = Release|Any CPU
		{126827C3-E602-4863-83F6-EA1433A84B5F}.Release|Any CPU.Build.0 = Release|Any CPU
		{C89EA824-E7A2-4D43-BF6B-17690ABF23B4}.Debug|Any CPU.ActiveCfg = Debug|Any CPU
		{C89EA824-E7A2-4D43-BF6B-17690ABF23B4}.Debug|Any CPU.Build.0 = Debug|Any CPU
		{C89EA824-E7A2-4D43-BF6B-17690ABF23B4}.Release|Any CPU.ActiveCfg = Release|Any CPU
		{C89EA824-E7A2-4D43-BF6B-17690ABF23B4}.Release|Any CPU.Build.0 = Release|Any CPU
		{8F2061D3-F904-4313-8801-7562FBF69A7B}.Debug|Any CPU.ActiveCfg = Debug|Any CPU
		{8F2061D3-F904-4313-8801-7562FBF69A7B}.Debug|Any CPU.Build.0 = Debug|Any CPU
		{8F2061D3-F904-4313-8801-7562FBF69A7B}.Release|Any CPU.ActiveCfg = Release|Any CPU
		{8F2061D3-F904-4313-8801-7562FBF69A7B}.Release|Any CPU.Build.0 = Release|Any CPU
		{C2D52E71-0139-4207-9955-8D1B262A099B}.Debug|Any CPU.ActiveCfg = Debug|Any CPU
		{C2D52E71-0139-4207-9955-8D1B262A099B}.Debug|Any CPU.Build.0 = Debug|Any CPU
		{C2D52E71-0139-4207-9955-8D1B262A099B}.Release|Any CPU.ActiveCfg = Release|Any CPU
		{C2D52E71-0139-4207-9955-8D1B262A099B}.Release|Any CPU.Build.0 = Release|Any CPU
		{CF140F0F-EED9-40BF-B518-6F468CF68E55}.Debug|Any CPU.ActiveCfg = Debug|Any CPU
		{CF140F0F-EED9-40BF-B518-6F468CF68E55}.Debug|Any CPU.Build.0 = Debug|Any CPU
		{CF140F0F-EED9-40BF-B518-6F468CF68E55}.Release|Any CPU.ActiveCfg = Release|Any CPU
		{CF140F0F-EED9-40BF-B518-6F468CF68E55}.Release|Any CPU.Build.0 = Release|Any CPU
		{5DF364B3-3861-4B37-9206-5FEFC0DF5394}.Debug|Any CPU.ActiveCfg = Debug|Any CPU
		{5DF364B3-3861-4B37-9206-5FEFC0DF5394}.Debug|Any CPU.Build.0 = Debug|Any CPU
		{5DF364B3-3861-4B37-9206-5FEFC0DF5394}.Release|Any CPU.ActiveCfg = Release|Any CPU
		{5DF364B3-3861-4B37-9206-5FEFC0DF5394}.Release|Any CPU.Build.0 = Release|Any CPU
		{2FA8A435-A900-428C-B8AE-11D2FA19435C}.Debug|Any CPU.ActiveCfg = Debug|Any CPU
		{2FA8A435-A900-428C-B8AE-11D2FA19435C}.Debug|Any CPU.Build.0 = Debug|Any CPU
		{2FA8A435-A900-428C-B8AE-11D2FA19435C}.Release|Any CPU.ActiveCfg = Release|Any CPU
		{2FA8A435-A900-428C-B8AE-11D2FA19435C}.Release|Any CPU.Build.0 = Release|Any CPU
		{95F771D3-25FC-4030-83D4-496594B4BD08}.Debug|Any CPU.ActiveCfg = Debug|Any CPU
		{95F771D3-25FC-4030-83D4-496594B4BD08}.Debug|Any CPU.Build.0 = Debug|Any CPU
		{95F771D3-25FC-4030-83D4-496594B4BD08}.Release|Any CPU.ActiveCfg = Release|Any CPU
		{95F771D3-25FC-4030-83D4-496594B4BD08}.Release|Any CPU.Build.0 = Release|Any CPU
		{4B628CDF-1B7B-417A-8C0C-23613C1C4D73}.Debug|Any CPU.ActiveCfg = Debug|Any CPU
		{4B628CDF-1B7B-417A-8C0C-23613C1C4D73}.Debug|Any CPU.Build.0 = Debug|Any CPU
		{4B628CDF-1B7B-417A-8C0C-23613C1C4D73}.Release|Any CPU.ActiveCfg = Release|Any CPU
		{4B628CDF-1B7B-417A-8C0C-23613C1C4D73}.Release|Any CPU.Build.0 = Release|Any CPU
		{78CD0DBA-B694-4B45-8FD1-7CB03B694E7A}.Debug|Any CPU.ActiveCfg = Debug|Any CPU
		{78CD0DBA-B694-4B45-8FD1-7CB03B694E7A}.Debug|Any CPU.Build.0 = Debug|Any CPU
		{78CD0DBA-B694-4B45-8FD1-7CB03B694E7A}.Release|Any CPU.ActiveCfg = Release|Any CPU
		{78CD0DBA-B694-4B45-8FD1-7CB03B694E7A}.Release|Any CPU.Build.0 = Release|Any CPU
		{2146FECA-5C34-44EA-A3D0-B9C10B4E4815}.Debug|Any CPU.ActiveCfg = Debug|Any CPU
		{2146FECA-5C34-44EA-A3D0-B9C10B4E4815}.Debug|Any CPU.Build.0 = Debug|Any CPU
		{2146FECA-5C34-44EA-A3D0-B9C10B4E4815}.Release|Any CPU.ActiveCfg = Release|Any CPU
		{2146FECA-5C34-44EA-A3D0-B9C10B4E4815}.Release|Any CPU.Build.0 = Release|Any CPU
	EndGlobalSection
	GlobalSection(SolutionProperties) = preSolution
		HideSolutionNode = FALSE
	EndGlobalSection
	GlobalSection(NestedProjects) = preSolution
		{F5514E90-CB23-48AB-B9FE-754B5CBEEF00} = {5F1A7290-F083-427B-A589-4A3C10AFF06A}
		{A3CB45B0-075F-4A4F-8D4C-FEA49F4A8FD3} = {5F1A7290-F083-427B-A589-4A3C10AFF06A}
		{07684573-D955-463B-82E2-1604C8587E38} = {A3CB45B0-075F-4A4F-8D4C-FEA49F4A8FD3}
		{71D44993-221F-4E37-B576-8FAF29006137} = {A3CB45B0-075F-4A4F-8D4C-FEA49F4A8FD3}
		{E5D62520-6430-412B-B314-13941D793BE2} = {A3CB45B0-075F-4A4F-8D4C-FEA49F4A8FD3}
		{53ED9776-2174-4E37-A38A-00B1E40B8201} = {07684573-D955-463B-82E2-1604C8587E38}
		{252E9FBD-8601-4E5F-B199-673159AAD772} = {07684573-D955-463B-82E2-1604C8587E38}
		{5ED8DF6A-45F6-472D-AEA8-A64CA0DCC528} = {07684573-D955-463B-82E2-1604C8587E38}
		{A298C837-43D4-4199-A461-AC0B8C2D66DF} = {07684573-D955-463B-82E2-1604C8587E38}
		{7444BB8F-56D0-45C5-87D2-241516D6CC22} = {F5514E90-CB23-48AB-B9FE-754B5CBEEF00}
		{4862E596-A2C6-4263-8B3C-0262A37CAEC5} = {F5514E90-CB23-48AB-B9FE-754B5CBEEF00}
		{94933997-E5DE-43B4-8F72-9C88CA8C779B} = {F5514E90-CB23-48AB-B9FE-754B5CBEEF00}
		{F6A717A7-296E-47A7-AE76-63066577910F} = {F5514E90-CB23-48AB-B9FE-754B5CBEEF00}
		{D4D98319-32A0-4B00-B0F0-0856788D4ED3} = {F5514E90-CB23-48AB-B9FE-754B5CBEEF00}
		{C0601E80-6506-411A-B59B-A3D19515076D} = {F5514E90-CB23-48AB-B9FE-754B5CBEEF00}
		{8F815533-5782-450D-9605-BCA78A2F3461} = {07684573-D955-463B-82E2-1604C8587E38}
		{A57F908A-AC7D-4706-9472-A2E62B997AF0} = {71D44993-221F-4E37-B576-8FAF29006137}
		{2CE0EAC5-9395-4187-A5F4-D005532E613E} = {71D44993-221F-4E37-B576-8FAF29006137}
		{B9E68C6E-FCA9-452D-B865-3707E3C07ED4} = {71D44993-221F-4E37-B576-8FAF29006137}
		{75081F03-D63B-4CAE-A406-2B572EFCD61B} = {71D44993-221F-4E37-B576-8FAF29006137}
		{F1C2F022-5130-4B64-B928-C1875158495F} = {E5D62520-6430-412B-B314-13941D793BE2}
		{B6849E3B-79D0-4B20-9F3B-AA1C68CB160F} = {E5D62520-6430-412B-B314-13941D793BE2}
		{126827C3-E602-4863-83F6-EA1433A84B5F} = {E5D62520-6430-412B-B314-13941D793BE2}
		{C89EA824-E7A2-4D43-BF6B-17690ABF23B4} = {E5D62520-6430-412B-B314-13941D793BE2}
		{E2E60031-3C0D-4879-B116-33FB601DF15F} = {5F1A7290-F083-427B-A589-4A3C10AFF06A}
		{8F2061D3-F904-4313-8801-7562FBF69A7B} = {E2E60031-3C0D-4879-B116-33FB601DF15F}
		{9CA9380E-B724-446A-A361-DE58E90775F8} = {A3CB45B0-075F-4A4F-8D4C-FEA49F4A8FD3}
		{C2D52E71-0139-4207-9955-8D1B262A099B} = {9CA9380E-B724-446A-A361-DE58E90775F8}
		{CF140F0F-EED9-40BF-B518-6F468CF68E55} = {9CA9380E-B724-446A-A361-DE58E90775F8}
		{5DF364B3-3861-4B37-9206-5FEFC0DF5394} = {9CA9380E-B724-446A-A361-DE58E90775F8}
		{2FA8A435-A900-428C-B8AE-11D2FA19435C} = {9CA9380E-B724-446A-A361-DE58E90775F8}
		{0B1E8EAC-D0A8-408C-BC9E-53346C9CE7FC} = {A3CB45B0-075F-4A4F-8D4C-FEA49F4A8FD3}
		{95F771D3-25FC-4030-83D4-496594B4BD08} = {0B1E8EAC-D0A8-408C-BC9E-53346C9CE7FC}
		{4B628CDF-1B7B-417A-8C0C-23613C1C4D73} = {0B1E8EAC-D0A8-408C-BC9E-53346C9CE7FC}
		{78CD0DBA-B694-4B45-8FD1-7CB03B694E7A} = {0B1E8EAC-D0A8-408C-BC9E-53346C9CE7FC}
		{2146FECA-5C34-44EA-A3D0-B9C10B4E4815} = {0B1E8EAC-D0A8-408C-BC9E-53346C9CE7FC}
	EndGlobalSection
	GlobalSection(ExtensibilityGlobals) = postSolution
		SolutionGuid = {3558D337-5CD4-4BC1-AF82-FE1A24EE2E1E}
	EndGlobalSection
EndGlobal
